{
    "_readme": [
        "This file locks the dependencies of your project to a known state",
        "Read more about it at https://getcomposer.org/doc/01-basic-usage.md#installing-dependencies",
        "This file is @generated automatically"
    ],
    "content-hash": "aa1635ccc656af607ed3f2304af5204c",
    "packages": [
        {
            "name": "izisaurio/lite-request",
            "version": "1.0.5",
            "source": {
                "type": "git",
                "url": "https://github.com/izisaurio/lite-request.git",
                "reference": "643e6ac6aeb2d3102840d1d41dd810de2c701793"
            },
            "dist": {
                "type": "zip",
                "url": "https://api.github.com/repos/izisaurio/lite-request/zipball/643e6ac6aeb2d3102840d1d41dd810de2c701793",
                "reference": "643e6ac6aeb2d3102840d1d41dd810de2c701793",
                "shasum": ""
            },
            "type": "library",
            "autoload": {
                "psr-4": {
                    "LiteRequest\\": "lib/"
                }
            },
            "notification-url": "https://packagist.org/downloads/",
            "license": [
                "MIT"
            ],
            "authors": [
                {
                    "name": "izisaurio",
                    "email": "izi.isaac@gmail.com"
                }
            ],
            "description": "A simple PHP requester",
            "support": {
                "issues": "https://github.com/izisaurio/lite-request/issues",
                "source": "https://github.com/izisaurio/lite-request/tree/1.0.5"
            },
            "time": "2025-06-17T23:39:25+00:00"
        }
    ],
    "packages-dev": [
        {
            "name": "smarty/smarty",
            "version": "v4.5.5",
            "source": {
                "type": "git",
                "url": "https://github.com/smarty-php/smarty.git",
                "reference": "c4851c12e34ff80073ddeb7d98b059d57dea9de2"
            },
            "dist": {
                "type": "zip",
                "url": "https://api.github.com/repos/smarty-php/smarty/zipball/c4851c12e34ff80073ddeb7d98b059d57dea9de2",
                "reference": "c4851c12e34ff80073ddeb7d98b059d57dea9de2",
                "shasum": ""
            },
            "require": {
                "php": "^7.1 || ^8.0"
            },
            "require-dev": {
                "phpunit/phpunit": "^8.5 || ^7.5",
                "smarty/smarty-lexer": "^3.1"
            },
            "type": "library",
            "extra": {
                "branch-alias": {
                    "dev-master": "4.0.x-dev"
                }
            },
            "autoload": {
                "classmap": [
                    "libs/"
                ]
            },
            "notification-url": "https://packagist.org/downloads/",
            "license": [
                "LGPL-3.0"
            ],
            "authors": [
                {
                    "name": "Monte Ohrt",
                    "email": "monte@ohrt.com"
                },
                {
                    "name": "Uwe Tews",
                    "email": "uwe.tews@googlemail.com"
                },
                {
                    "name": "Rodney Rehm",
                    "email": "rodney.rehm@medialize.de"
                },
                {
                    "name": "Simon Wisselink",
                    "homepage": "https://www.iwink.nl/"
                }
            ],
            "description": "Smarty - the compiling PHP template engine",
            "homepage": "https://smarty-php.github.io/smarty/",
            "keywords": [
                "templating"
            ],
            "support": {
                "forum": "https://github.com/smarty-php/smarty/discussions",
                "issues": "https://github.com/smarty-php/smarty/issues",
                "source": "https://github.com/smarty-php/smarty/tree/v4.5.5"
            },
            "time": "2024-11-21T22:06:22+00:00"
        }
    ],
    "aliases": [],
    "minimum-stability": "stable",
    "stability-flags": {},
    "prefer-stable": false,
    "prefer-lowest": false,
    "platform": {},
    "platform-dev": {},
    "plugin-api-version": "2.6.0"
}
